
Microsoft Visual Studio Solution File, Format Version 12.00
# Visual Studio Version 16
VisualStudioVersion = 16.0.30804.86
MinimumVisualStudioVersion = 10.0.40219.1
Project("{9A19103F-16F7-4668-BE54-9A1E7A4F7556}") = "Moggle.Blazor", "Moggle.Blazor\Moggle.Blazor.csproj", "{95BC7D11-C0ED-4FCF-95C6-17DDF98AEDF2}"
EndProject
Project("{9A19103F-16F7-4668-BE54-9A1E7A4F7556}") = "Moggle", "Moggle\Moggle.csproj", "{9ED64BC6-0BF2-4B43-99DF-8499140153B9}"
EndProject
Project("{9A19103F-16F7-4668-BE54-9A1E7A4F7556}") = "Moggle.Tests", "Moggle.Tests\Moggle.Tests.csproj", "{53C6F0E0-EDD3-4139-94A4-4242517EEC37}"
EndProject
Project("{2150E333-8FDC-42A3-9474-1A3956D46DE8}") = "Solution Items", "Solution Items", "{902A29DF-AB48-4FA0-AC4A-85E91DE880FC}"
	ProjectSection(SolutionItems) = preProject
		.editorconfig = .editorconfig
	EndProjectSection
EndProject
Project("{9A19103F-16F7-4668-BE54-9A1E7A4F7556}") = "Words", "Words\Words.csproj", "{4E5685E2-5BB7-4535-AE1D-8B70DD97F4EE}"
EndProject
Global
	GlobalSection(SolutionConfigurationPlatforms) = preSolution
		Debug|Any CPU = Debug|Any CPU
		Release|Any CPU = Release|Any CPU
	EndGlobalSection
	GlobalSection(ProjectConfigurationPlatforms) = postSolution
		{95BC7D11-C0ED-4FCF-95C6-17DDF98AEDF2}.Debug|Any CPU.ActiveCfg = Debug|Any CPU
		{95BC7D11-C0ED-4FCF-95C6-17DDF98AEDF2}.Debug|Any CPU.Build.0 = Debug|Any CPU
		{95BC7D11-C0ED-4FCF-95C6-17DDF98AEDF2}.Release|Any CPU.ActiveCfg = Release|Any CPU
		{95BC7D11-C0ED-4FCF-95C6-17DDF98AEDF2}.Release|Any CPU.Build.0 = Release|Any CPU
		{9ED64BC6-0BF2-4B43-99DF-8499140153B9}.Debug|Any CPU.ActiveCfg = Debug|Any CPU
		{9ED64BC6-0BF2-4B43-99DF-8499140153B9}.Debug|Any CPU.Build.0 = Debug|Any CPU
		{9ED64BC6-0BF2-4B43-99DF-8499140153B9}.Release|Any CPU.ActiveCfg = Release|Any CPU
		{9ED64BC6-0BF2-4B43-99DF-8499140153B9}.Release|Any CPU.Build.0 = Release|Any CPU
		{53C6F0E0-EDD3-4139-94A4-4242517EEC37}.Debug|Any CPU.ActiveCfg = Debug|Any CPU
		{53C6F0E0-EDD3-4139-94A4-4242517EEC37}.Debug|Any CPU.Build.0 = Debug|Any CPU
		{53C6F0E0-EDD3-4139-94A4-4242517EEC37}.Release|Any CPU.ActiveCfg = Release|Any CPU
		{53C6F0E0-EDD3-4139-94A4-4242517EEC37}.Release|Any CPU.Build.0 = Release|Any CPU
		{4E5685E2-5BB7-4535-AE1D-8B70DD97F4EE}.Debug|Any CPU.ActiveCfg = Debug|Any CPU
		{4E5685E2-5BB7-4535-AE1D-8B70DD97F4EE}.Debug|Any CPU.Build.0 = Debug|Any CPU
		{4E5685E2-5BB7-4535-AE1D-8B70DD97F4EE}.Release|Any CPU.ActiveCfg = Release|Any CPU
		{4E5685E2-5BB7-4535-AE1D-8B70DD97F4EE}.Release|Any CPU.Build.0 = Release|Any CPU
	EndGlobalSection
	GlobalSection(SolutionProperties) = preSolution
		HideSolutionNode = FALSE
	EndGlobalSection
	GlobalSection(ExtensibilityGlobals) = postSolution
		SolutionGuid = {75911F67-FF22-4579-9438-CE6585629243}
	EndGlobalSection
EndGlobal
